{
  "name": "trainerdex.co.uk",
  "version": "0.0.1",
  "lockfileVersion": 1,
  "requires": true,
  "dependencies": {
    "humanize-plus": {
      "version": "1.8.2",
      "resolved": "http://registry.npmjs.org/humanize-plus/-/humanize-plus-1.8.2.tgz",
      "integrity": "sha1-pls0RZrWNnrbs3B6gqPJ+RYWcDA="
    }
  }
}
