{
  "requires": true,
  "lockfileVersion": 1,
  "dependencies": {
    "dialog-polyfill": {
      "version": "0.4.9",
      "resolved": "https://registry.npmjs.org/dialog-polyfill/-/dialog-polyfill-0.4.9.tgz",
      "integrity": "sha512-iM4ZXRLOA/qpbW6XznGOq7Iq58JoXhZGo+OMG8K3wFxvIatnMTnIancLGEKa6WYy6oTkndfb2UXQ6FGtoUBn1g=="
    },
    "flag-icon-css": {
      "version": "2.9.0",
      "resolved": "https://registry.npmjs.org/flag-icon-css/-/flag-icon-css-2.9.0.tgz",
      "integrity": "sha512-SeHvGEB43XFPZiJz6lFFRGHfp+Db+s1qGiClW70cZauQVbPM42wImlNUEuXSXs94kPchz7xvoxP0QK1y6FxLfg=="
    },
    "material-design-lite": {
      "version": "1.3.0",
      "resolved": "https://registry.npmjs.org/material-design-lite/-/material-design-lite-1.3.0.tgz",
      "integrity": "sha1-0ATOP+6Zoe63Sni4oyUTSl8RcdM="
    },
    "mdl-ext": {
      "version": "0.17.1",
      "resolved": "https://registry.npmjs.org/mdl-ext/-/mdl-ext-0.17.1.tgz",
      "integrity": "sha1-89iHLFUsLdkA9wdXAL1OFv9KWeM="
    },
    "status-indicator": {
      "version": "1.0.9",
      "resolved": "https://registry.npmjs.org/status-indicator/-/status-indicator-1.0.9.tgz",
      "integrity": "sha512-xaUIXfWA++prLDv49U2xrcIJAMKb0djfpjDc4aApW+bDIx9HzI26CHWKEoAp/DuvUlyPwBj4Q5VURntV9qa71A=="
    }
  }
}
